
Microsoft Visual Studio Solution File, Format Version 12.00
# Visual Studio Version 17
VisualStudioVersion = 17.0.32112.339
MinimumVisualStudioVersion = 10.0.40219.1
Project("{FAE04EC0-301F-11D3-BF4B-00C04F79EFBC}") = "ShopShop", "ShopShop\ShopShop.csproj", "{82FD8B21-E20D-4F6A-AB7A-7C43DE50DED3}"
EndProject
Global
	GlobalSection(SolutionConfigurationPlatforms) = preSolution
		Debug|Any CPU = Debug|Any CPU
		Release|Any CPU = Release|Any CPU
	EndGlobalSection
	GlobalSection(ProjectConfigurationPlatforms) = postSolution
		{82FD8B21-E20D-4F6A-AB7A-7C43DE50DED3}.Debug|Any CPU.ActiveCfg = Debug|Any CPU
		{82FD8B21-E20D-4F6A-AB7A-7C43DE50DED3}.Debug|Any CPU.Build.0 = Debug|Any CPU
		{82FD8B21-E20D-4F6A-AB7A-7C43DE50DED3}.Release|Any CPU.ActiveCfg = Release|Any CPU
		{82FD8B21-E20D-4F6A-AB7A-7C43DE50DED3}.Release|Any CPU.Build.0 = Release|Any CPU
	EndGlobalSection
	GlobalSection(SolutionProperties) = preSolution
		HideSolutionNode = FALSE
	EndGlobalSection
	GlobalSection(ExtensibilityGlobals) = postSolution
		SolutionGuid = {E523C3EF-34F1-4DD7-8166-BB0DAF1D1798}
	EndGlobalSection
EndGlobal
