
Microsoft Visual Studio Solution File, Format Version 12.00
# Visual Studio Version 17
VisualStudioVersion = 17.0.32112.339
MinimumVisualStudioVersion = 10.0.40219.1
Project("{9A19103F-16F7-4668-BE54-9A1E7A4F7556}") = "ShopShop", "ShopShop\ShopShop.csproj", "{82FD8B21-E20D-4F6A-AB7A-7C43DE50DED3}"
EndProject
Project("{54A90642-561A-4BB1-A94E-469ADEE60C69}") = "ShopShopClient", "ShopShopClient\ShopShopClient.esproj", "{5AC3774E-C222-40A4-A0F8-6137205BCCFD}"
EndProject
Global
	GlobalSection(SolutionConfigurationPlatforms) = preSolution
		Debug|Any CPU = Debug|Any CPU
		Release|Any CPU = Release|Any CPU
	EndGlobalSection
	GlobalSection(ProjectConfigurationPlatforms) = postSolution
		{82FD8B21-E20D-4F6A-AB7A-7C43DE50DED3}.Debug|Any CPU.ActiveCfg = Debug|Any CPU
		{82FD8B21-E20D-4F6A-AB7A-7C43DE50DED3}.Debug|Any CPU.Build.0 = Debug|Any CPU
		{82FD8B21-E20D-4F6A-AB7A-7C43DE50DED3}.Release|Any CPU.ActiveCfg = Release|Any CPU
		{82FD8B21-E20D-4F6A-AB7A-7C43DE50DED3}.Release|Any CPU.Build.0 = Release|Any CPU
		{5AC3774E-C222-40A4-A0F8-6137205BCCFD}.Debug|Any CPU.ActiveCfg = Debug|Any CPU
		{5AC3774E-C222-40A4-A0F8-6137205BCCFD}.Debug|Any CPU.Build.0 = Debug|Any CPU
		{5AC3774E-C222-40A4-A0F8-6137205BCCFD}.Debug|Any CPU.Deploy.0 = Debug|Any CPU
		{5AC3774E-C222-40A4-A0F8-6137205BCCFD}.Release|Any CPU.ActiveCfg = Release|Any CPU
		{5AC3774E-C222-40A4-A0F8-6137205BCCFD}.Release|Any CPU.Build.0 = Release|Any CPU
		{5AC3774E-C222-40A4-A0F8-6137205BCCFD}.Release|Any CPU.Deploy.0 = Release|Any CPU
	EndGlobalSection
	GlobalSection(SolutionProperties) = preSolution
		HideSolutionNode = FALSE
	EndGlobalSection
	GlobalSection(ExtensibilityGlobals) = postSolution
		SolutionGuid = {E523C3EF-34F1-4DD7-8166-BB0DAF1D1798}
	EndGlobalSection
EndGlobal
